
Microsoft Visual Studio Solution File, Format Version 12.00
# Visual Studio Version 17
VisualStudioVersion = 17.8.34330.188
MinimumVisualStudioVersion = 10.0.40219.1
Project("{FAE04EC0-301F-11D3-BF4B-00C04F79EFBC}") = "GradingSystem", "GradingSystem\GradingSystem.csproj", "{A678B6BD-A37B-4D9B-B100-D54B933A7B49}"
EndProject
Global
	GlobalSection(SolutionConfigurationPlatforms) = preSolution
		Debug|Any CPU = Debug|Any CPU
		Release|Any CPU = Release|Any CPU
	EndGlobalSection
	GlobalSection(ProjectConfigurationPlatforms) = postSolution
		{A678B6BD-A37B-4D9B-B100-D54B933A7B49}.Debug|Any CPU.ActiveCfg = Debug|Any CPU
		{A678B6BD-A37B-4D9B-B100-D54B933A7B49}.Debug|Any CPU.Build.0 = Debug|Any CPU
		{A678B6BD-A37B-4D9B-B100-D54B933A7B49}.Release|Any CPU.ActiveCfg = Release|Any CPU
		{A678B6BD-A37B-4D9B-B100-D54B933A7B49}.Release|Any CPU.Build.0 = Release|Any CPU
	EndGlobalSection
	GlobalSection(SolutionProperties) = preSolution
		HideSolutionNode = FALSE
	EndGlobalSection
	GlobalSection(ExtensibilityGlobals) = postSolution
		SolutionGuid = {4BEFF5E6-17F7-4D6D-8008-9BE815878A44}
	EndGlobalSection
EndGlobal
